
Microsoft Visual Studio Solution File, Format Version 12.00
# Visual Studio 15
VisualStudioVersion = 15.0.28307.271
MinimumVisualStudioVersion = 10.0.40219.1
Project("{FAE04EC0-301F-11D3-BF4B-00C04F79EFBC}") = "GroupTrip.Server", "GroupTrip.Server\GroupTrip.Server.csproj", "{C16611D5-80D4-44EA-9E57-4F81B20BFFAB}"
EndProject
Project("{FAE04EC0-301F-11D3-BF4B-00C04F79EFBC}") = "GroupTrip.Client", "GroupTrip.Client\GroupTrip.Client.csproj", "{92C57A21-4DE8-4652-B877-759364141095}"
EndProject
Project("{FAE04EC0-301F-11D3-BF4B-00C04F79EFBC}") = "GroupTrip.Shared", "GroupTrip.Shared\GroupTrip.Shared.csproj", "{734F0F1D-F77B-4092-B9AD-26033F755A39}"
EndProject
Global
	GlobalSection(SolutionConfigurationPlatforms) = preSolution
		Debug|Any CPU = Debug|Any CPU
		Release|Any CPU = Release|Any CPU
	EndGlobalSection
	GlobalSection(ProjectConfigurationPlatforms) = postSolution
		{C16611D5-80D4-44EA-9E57-4F81B20BFFAB}.Debug|Any CPU.ActiveCfg = Debug|Any CPU
		{C16611D5-80D4-44EA-9E57-4F81B20BFFAB}.Debug|Any CPU.Build.0 = Debug|Any CPU
		{C16611D5-80D4-44EA-9E57-4F81B20BFFAB}.Release|Any CPU.ActiveCfg = Release|Any CPU
		{C16611D5-80D4-44EA-9E57-4F81B20BFFAB}.Release|Any CPU.Build.0 = Release|Any CPU
		{92C57A21-4DE8-4652-B877-759364141095}.Debug|Any CPU.ActiveCfg = Debug|Any CPU
		{92C57A21-4DE8-4652-B877-759364141095}.Debug|Any CPU.Build.0 = Debug|Any CPU
		{92C57A21-4DE8-4652-B877-759364141095}.Release|Any CPU.ActiveCfg = Release|Any CPU
		{92C57A21-4DE8-4652-B877-759364141095}.Release|Any CPU.Build.0 = Release|Any CPU
		{734F0F1D-F77B-4092-B9AD-26033F755A39}.Debug|Any CPU.ActiveCfg = Debug|Any CPU
		{734F0F1D-F77B-4092-B9AD-26033F755A39}.Debug|Any CPU.Build.0 = Debug|Any CPU
		{734F0F1D-F77B-4092-B9AD-26033F755A39}.Release|Any CPU.ActiveCfg = Release|Any CPU
		{734F0F1D-F77B-4092-B9AD-26033F755A39}.Release|Any CPU.Build.0 = Release|Any CPU
	EndGlobalSection
	GlobalSection(SolutionProperties) = preSolution
		HideSolutionNode = FALSE
	EndGlobalSection
	GlobalSection(ExtensibilityGlobals) = postSolution
		SolutionGuid = {05E7F70D-94AF-4069-9C3E-B7445B74F138}
	EndGlobalSection
EndGlobal
